
Microsoft Visual Studio Solution File, Format Version 12.00
# Visual Studio Version 16
VisualStudioVersion = 16.0.30204.135
MinimumVisualStudioVersion = 10.0.40219.1
Project("{FAE04EC0-301F-11D3-BF4B-00C04F79EFBC}") = "CafeManager2", "CafeManager2\CafeManager2.csproj", "{CCE98BE8-55E5-4409-B984-BED1AC857FA6}"
EndProject
Global
	GlobalSection(SolutionConfigurationPlatforms) = preSolution
		Debug|Any CPU = Debug|Any CPU
		Release|Any CPU = Release|Any CPU
	EndGlobalSection
	GlobalSection(ProjectConfigurationPlatforms) = postSolution
		{CCE98BE8-55E5-4409-B984-BED1AC857FA6}.Debug|Any CPU.ActiveCfg = Debug|Any CPU
		{CCE98BE8-55E5-4409-B984-BED1AC857FA6}.Debug|Any CPU.Build.0 = Debug|Any CPU
		{CCE98BE8-55E5-4409-B984-BED1AC857FA6}.Release|Any CPU.ActiveCfg = Release|Any CPU
		{CCE98BE8-55E5-4409-B984-BED1AC857FA6}.Release|Any CPU.Build.0 = Release|Any CPU
	EndGlobalSection
	GlobalSection(SolutionProperties) = preSolution
		HideSolutionNode = FALSE
	EndGlobalSection
	GlobalSection(ExtensibilityGlobals) = postSolution
		SolutionGuid = {A904A9DC-F0CC-466C-BBA8-C526E7047C39}
	EndGlobalSection
EndGlobal
